
Microsoft Visual Studio Solution File, Format Version 12.00
# Visual Studio Version 17
VisualStudioVersion = 17.7.34024.191
MinimumVisualStudioVersion = 10.0.40219.1
Project("{FAE04EC0-301F-11D3-BF4B-00C04F79EFBC}") = "Lab_3", "Lab_3\Lab_3.csproj", "{85AC808B-EEC8-42C2-98C3-577CE2A252A1}"
EndProject
Project("{FAE04EC0-301F-11D3-BF4B-00C04F79EFBC}") = "Q1", "Q1\Q1.csproj", "{652C4D77-A927-4D29-A109-574ECA66181D}"
EndProject
Project("{FAE04EC0-301F-11D3-BF4B-00C04F79EFBC}") = "Q2", "Q2\Q2.csproj", "{A80E276A-A906-4660-9698-D9F00C63396B}"
EndProject
Project("{FAE04EC0-301F-11D3-BF4B-00C04F79EFBC}") = "Q3", "Q3\Q3.csproj", "{C7AC8D0D-9A22-4A11-8ED8-41797807EA31}"
EndProject
Project("{FAE04EC0-301F-11D3-BF4B-00C04F79EFBC}") = "Q4", "Q4\Q4.csproj", "{53898C33-8A9F-40CE-82A5-89A0B5BFD5C4}"
EndProject
Project("{FAE04EC0-301F-11D3-BF4B-00C04F79EFBC}") = "Q5", "Q5\Q5.csproj", "{1FDA4D93-3EAE-4BDF-AA59-96A795AC5BDA}"
EndProject
Project("{FAE04EC0-301F-11D3-BF4B-00C04F79EFBC}") = "Q6", "Q6\Q6.csproj", "{3F6A09E9-4066-4655-893C-ABC03896E00C}"
EndProject
Project("{FAE04EC0-301F-11D3-BF4B-00C04F79EFBC}") = "Q7", "Q7\Q7.csproj", "{3CEF4F12-4D9A-4AEE-9A21-6BDB322A089C}"
EndProject
Project("{FAE04EC0-301F-11D3-BF4B-00C04F79EFBC}") = "Q8", "Q8\Q8.csproj", "{593F5DF4-79A3-4372-985C-35FCE24CC91D}"
EndProject
Project("{FAE04EC0-301F-11D3-BF4B-00C04F79EFBC}") = "Q9", "Q9\Q9.csproj", "{2F9D76F0-A863-499E-9CFD-EA0372E741D6}"
EndProject
Project("{FAE04EC0-301F-11D3-BF4B-00C04F79EFBC}") = "Q10", "Q10\Q10.csproj", "{E520C9FF-920D-45FE-AF5E-EE2037E0639E}"
EndProject
Global
	GlobalSection(SolutionConfigurationPlatforms) = preSolution
		Debug|Any CPU = Debug|Any CPU
		Release|Any CPU = Release|Any CPU
	EndGlobalSection
	GlobalSection(ProjectConfigurationPlatforms) = postSolution
		{85AC808B-EEC8-42C2-98C3-577CE2A252A1}.Debug|Any CPU.ActiveCfg = Debug|Any CPU
		{85AC808B-EEC8-42C2-98C3-577CE2A252A1}.Debug|Any CPU.Build.0 = Debug|Any CPU
		{85AC808B-EEC8-42C2-98C3-577CE2A252A1}.Release|Any CPU.ActiveCfg = Release|Any CPU
		{85AC808B-EEC8-42C2-98C3-577CE2A252A1}.Release|Any CPU.Build.0 = Release|Any CPU
		{652C4D77-A927-4D29-A109-574ECA66181D}.Debug|Any CPU.ActiveCfg = Debug|Any CPU
		{652C4D77-A927-4D29-A109-574ECA66181D}.Debug|Any CPU.Build.0 = Debug|Any CPU
		{652C4D77-A927-4D29-A109-574ECA66181D}.Release|Any CPU.ActiveCfg = Release|Any CPU
		{652C4D77-A927-4D29-A109-574ECA66181D}.Release|Any CPU.Build.0 = Release|Any CPU
		{A80E276A-A906-4660-9698-D9F00C63396B}.Debug|Any CPU.ActiveCfg = Debug|Any CPU
		{A80E276A-A906-4660-9698-D9F00C63396B}.Debug|Any CPU.Build.0 = Debug|Any CPU
		{A80E276A-A906-4660-9698-D9F00C63396B}.Release|Any CPU.ActiveCfg = Release|Any CPU
		{A80E276A-A906-4660-9698-D9F00C63396B}.Release|Any CPU.Build.0 = Release|Any CPU
		{C7AC8D0D-9A22-4A11-8ED8-41797807EA31}.Debug|Any CPU.ActiveCfg = Debug|Any CPU
		{C7AC8D0D-9A22-4A11-8ED8-41797807EA31}.Debug|Any CPU.Build.0 = Debug|Any CPU
		{C7AC8D0D-9A22-4A11-8ED8-41797807EA31}.Release|Any CPU.ActiveCfg = Release|Any CPU
		{C7AC8D0D-9A22-4A11-8ED8-41797807EA31}.Release|Any CPU.Build.0 = Release|Any CPU
		{53898C33-8A9F-40CE-82A5-89A0B5BFD5C4}.Debug|Any CPU.ActiveCfg = Debug|Any CPU
		{53898C33-8A9F-40CE-82A5-89A0B5BFD5C4}.Debug|Any CPU.Build.0 = Debug|Any CPU
		{53898C33-8A9F-40CE-82A5-89A0B5BFD5C4}.Release|Any CPU.ActiveCfg = Release|Any CPU
		{53898C33-8A9F-40CE-82A5-89A0B5BFD5C4}.Release|Any CPU.Build.0 = Release|Any CPU
		{1FDA4D93-3EAE-4BDF-AA59-96A795AC5BDA}.Debug|Any CPU.ActiveCfg = Debug|Any CPU
		{1FDA4D93-3EAE-4BDF-AA59-96A795AC5BDA}.Debug|Any CPU.Build.0 = Debug|Any CPU
		{1FDA4D93-3EAE-4BDF-AA59-96A795AC5BDA}.Release|Any CPU.ActiveCfg = Release|Any CPU
		{1FDA4D93-3EAE-4BDF-AA59-96A795AC5BDA}.Release|Any CPU.Build.0 = Release|Any CPU
		{3F6A09E9-4066-4655-893C-ABC03896E00C}.Debug|Any CPU.ActiveCfg = Debug|Any CPU
		{3F6A09E9-4066-4655-893C-ABC03896E00C}.Debug|Any CPU.Build.0 = Debug|Any CPU
		{3F6A09E9-4066-4655-893C-ABC03896E00C}.Release|Any CPU.ActiveCfg = Release|Any CPU
		{3F6A09E9-4066-4655-893C-ABC03896E00C}.Release|Any CPU.Build.0 = Release|Any CPU
		{3CEF4F12-4D9A-4AEE-9A21-6BDB322A089C}.Debug|Any CPU.ActiveCfg = Debug|Any CPU
		{3CEF4F12-4D9A-4AEE-9A21-6BDB322A089C}.Debug|Any CPU.Build.0 = Debug|Any CPU
		{3CEF4F12-4D9A-4AEE-9A21-6BDB322A089C}.Release|Any CPU.ActiveCfg = Release|Any CPU
		{3CEF4F12-4D9A-4AEE-9A21-6BDB322A089C}.Release|Any CPU.Build.0 = Release|Any CPU
		{593F5DF4-79A3-4372-985C-35FCE24CC91D}.Debug|Any CPU.ActiveCfg = Debug|Any CPU
		{593F5DF4-79A3-4372-985C-35FCE24CC91D}.Debug|Any CPU.Build.0 = Debug|Any CPU
		{593F5DF4-79A3-4372-985C-35FCE24CC91D}.Release|Any CPU.ActiveCfg = Release|Any CPU
		{593F5DF4-79A3-4372-985C-35FCE24CC91D}.Release|Any CPU.Build.0 = Release|Any CPU
		{2F9D76F0-A863-499E-9CFD-EA0372E741D6}.Debug|Any CPU.ActiveCfg = Debug|Any CPU
		{2F9D76F0-A863-499E-9CFD-EA0372E741D6}.Debug|Any CPU.Build.0 = Debug|Any CPU
		{2F9D76F0-A863-499E-9CFD-EA0372E741D6}.Release|Any CPU.ActiveCfg = Release|Any CPU
		{2F9D76F0-A863-499E-9CFD-EA0372E741D6}.Release|Any CPU.Build.0 = Release|Any CPU
		{E520C9FF-920D-45FE-AF5E-EE2037E0639E}.Debug|Any CPU.ActiveCfg = Debug|Any CPU
		{E520C9FF-920D-45FE-AF5E-EE2037E0639E}.Debug|Any CPU.Build.0 = Debug|Any CPU
		{E520C9FF-920D-45FE-AF5E-EE2037E0639E}.Release|Any CPU.ActiveCfg = Release|Any CPU
		{E520C9FF-920D-45FE-AF5E-EE2037E0639E}.Release|Any CPU.Build.0 = Release|Any CPU
	EndGlobalSection
	GlobalSection(SolutionProperties) = preSolution
		HideSolutionNode = FALSE
	EndGlobalSection
	GlobalSection(ExtensibilityGlobals) = postSolution
		SolutionGuid = {49A2F7B6-4DD2-4393-AE9D-41E97B843E74}
	EndGlobalSection
EndGlobal
